github.com/johto/notifyutils v0.0.0-20150615093830-a8b71d70b60f h1:7LZQX2gksjuD9dGVs+jw6ScKLqERDmpFqtQJygHsRF0=
github.com/johto/notifyutils v0.0.0-20150615093830-a8b71d70b60f/go.mod h1:KaujEZhoyyjG7nLRC4jKTGiFk/7146VkDs8HY0o5y+I=
github.com/lib/pq v0.0.0-20161129221428-4a82388ebc51 h1:YqVhKD8mDLVJcXsZaI9AI6UBQeGppTcYCg4bEvCzSv4=
github.com/lib/pq v0.0.0-20161129221428-4a82388ebc51/go.mod h1:5WUZQaWbwv1U+lTReE5YruASi9Al49XbQIvNi/34Woo=
github.com/uhoh-itsmaciek/femebe v0.0.0-20150705092910-78f00f2ef7b4 h1:ZXHfDGAbPxDUHnrdCjG0pcdS0MZ4ia7yIgJ/3eRGHsQ=
github.com/uhoh-itsmaciek/femebe v0.0.0-20150705092910-78f00f2ef7b4/go.mod h1:QrMsr+lgO2K1sLsRYsl/zoQ8595mKqTEm+5V0LmIvRQ=
